<?xml version="1.0" encoding="utf-8"?>
<Project ToolsVersion="18.0" xmlns="http://schemas.microsoft.com/developer/msbuild/2003">
  <ItemGroup>
    <CustomBuild Include="C:\Users\ytyla\Documents\GitHub\robat_eel_YTY\robot_eel\flutter_esp_control_mobile\build\windows\x64\CMakeFiles\94d7bacff74b99cc90a261dbe9696d3f\INSTALL_force.rule">
      <Filter>CMake Rules</Filter>
    </CustomBuild>
  </ItemGroup>
  <ItemGroup>
    <Filter Include="CMake Rules">
      <UniqueIdentifier>{A13B1455-4918-3B60-9317-E64061C2FC11}</UniqueIdentifier>
    </Filter>
  </ItemGroup>
</Project>
