<?xml version="1.0" encoding="utf-8"?>
<Project ToolsVersion="18.0" xmlns="http://schemas.microsoft.com/developer/msbuild/2003">
  <ItemGroup>
    <ClCompile Include="C:\Users\ytyla\Documents\GitHub\robat_eel_YTY\robot_eel\flutter_esp_control_mobile\windows\flutter\ephemeral\.plugin_symlinks\connectivity_plus\windows\connectivity_plus_plugin.cpp">
      <Filter>Source Files</Filter>
    </ClCompile>
    <ClCompile Include="C:\Users\ytyla\Documents\GitHub\robat_eel_YTY\robot_eel\flutter_esp_control_mobile\windows\flutter\ephemeral\.plugin_symlinks\connectivity_plus\windows\network_manager.cpp">
      <Filter>Source Files</Filter>
    </ClCompile>
  </ItemGroup>
  <ItemGroup>
    <CustomBuild Include="C:\Users\ytyla\Documents\GitHub\robat_eel_YTY\robot_eel\flutter_esp_control_mobile\windows\flutter\ephemeral\.plugin_symlinks\connectivity_plus\windows\CMakeLists.txt" />
  </ItemGroup>
  <ItemGroup>
    <Filter Include="Source Files">
      <UniqueIdentifier>{84ECE126-8D4C-36BE-A2C6-3D7903F7ABEC}</UniqueIdentifier>
    </Filter>
  </ItemGroup>
</Project>
